// !$*UTF8*$!
{
	archiveVersion = 1;
	classes = {
	};
	objectVersion = 46;
	objects = {

/* Begin PBXBuildFile section */
		3C78A0DC1B6A42E90087BC7B /* AppDelegate.swift in Sources */ = {isa = PBXBuildFile; fileRef = 3C78A0DB1B6A42E90087BC7B /* AppDelegate.swift */; };
		3C78A0DE1B6A42E90087BC7B /* ViewController.swift in Sources */ = {isa = PBXBuildFile; fileRef = 3C78A0DD1B6A42E90087BC7B /* ViewController.swift */; };
		3C78A0E11B6A42E90087BC7B /* Main.storyboard in Resources */ = {isa = PBXBuildFile; fileRef = 3C78A0DF1B6A42E90087BC7B /* Main.storyboard */; };
		3C78A0E31B6A42E90087BC7B /* Images.xcassets in Resources */ = {isa = PBXBuildFile; fileRef = 3C78A0E21B6A42E90087BC7B /* Images.xcassets */; };
		3C78A0E61B6A42E90087BC7B /* LaunchScreen.xib in Resources */ = {isa = PBXBuildFile; fileRef = 3C78A0E41B6A42E90087BC7B /* LaunchScreen.xib */; };
		3C78A0F21B6A42E90087BC7B /* ExerciserTests.swift in Sources */ = {isa = PBXBuildFile; fileRef = 3C78A0F11B6A42E90087BC7B /* ExerciserTests.swift */; };
/* End PBXBuildFile section */

/* Begin PBXContainerItemProxy section */
		3C78A0EC1B6A42E90087BC7B /* PBXContainerItemProxy */ = {
			isa = PBXContainerItemProxy;
			containerPortal = 3C78A0CE1B6A42E90087BC7B /* Project object */;
			proxyType = 1;
			remoteGlobalIDString = 3C78A0D51B6A42E90087BC7B;
			remoteInfo = Exerciser;
		};
/* End PBXContainerItemProxy section */

/* Begin PBXFileReference section */
		3C78A0D61B6A42E90087BC7B /* Exerciser.app */ = {isa = PBXFileReference; explicitFileType = wrapper.application; includeInIndex = 0; path = Exerciser.app; sourceTree = BUILT_PRODUCTS_DIR; };
		3C78A0DA1B6A42E90087BC7B /* Info.plist */ = {isa = PBXFileReference; lastKnownFileType = text.plist.xml; path = Info.plist; sourceTree = "<group>"; };
		3C78A0DB1B6A42E90087BC7B /* AppDelegate.swift */ = {isa = PBXFileReference; lastKnownFileType = sourcecode.swift; path = AppDelegate.swift; sourceTree = "<group>"; };
		3C78A0DD1B6A42E90087BC7B /* ViewController.swift */ = {isa = PBXFileReference; lastKnownFileType = sourcecode.swift; path = ViewController.swift; sourceTree = "<group>"; };
		3C78A0E01B6A42E90087BC7B /* Base */ = {isa = PBXFileReference; lastKnownFileType = file.storyboard; name = Base; path = Base.lproj/Main.storyboard; sourceTree = "<group>"; };
		3C78A0E21B6A42E90087BC7B /* Images.xcassets */ = {isa = PBXFileReference; lastKnownFileType = folder.assetcatalog; path = Images.xcassets; sourceTree = "<group>"; };
		3C78A0E51B6A42E90087BC7B /* Base */ = {isa = PBXFileReference; lastKnownFileType = file.xib; name = Base; path = Base.lproj/LaunchScreen.xib; sourceTree = "<group>"; };
		3C78A0EB1B6A42E90087BC7B /* ExerciserTests.xctest */ = {isa = PBXFileReference; explicitFileType = wrapper.cfbundle; includeInIndex = 0; path = ExerciserTests.xctest; sourceTree = BUILT_PRODUCTS_DIR; };
		3C78A0F01B6A42E90087BC7B /* Info.plist */ = {isa = PBXFileReference; lastKnownFileType = text.plist.xml; path = Info.plist; sourceTree = "<group>"; };
		3C78A0F11B6A42E90087BC7B /* ExerciserTests.swift */ = {isa = PBXFileReference; lastKnownFileType = sourcecode.swift; path = ExerciserTests.swift; sourceTree = "<group>"; };
/* End PBXFileReference section */

/* Begin PBXFrameworksBuildPhase section */
		3C78A0D31B6A42E90087BC7B /* Frameworks */ = {
			isa = PBXFrameworksBuildPhase;
			buildActionMask = 2147483647;
			files = (
			);
			runOnlyForDeploymentPostprocessing = 0;
		};
		3C78A0E81B6A42E90087BC7B /* Frameworks */ = {
			isa = PBXFrameworksBuildPhase;
			buildActionMask = 2147483647;
			files = (
			);
			runOnlyForDeploymentPostprocessing = 0;
		};
/* End PBXFrameworksBuildPhase section */

/* Begin PBXGroup section */
		3C78A0CD1B6A42E90087BC7B = {
			isa = PBXGroup;
			children = (
				3C78A0D81B6A42E90087BC7B /* Exerciser */,
				3C78A0EE1B6A42E90087BC7B /* ExerciserTests */,
				3C78A0D71B6A42E90087BC7B /* Products */,
			);
			sourceTree = "<group>";
		};
		3C78A0D71B6A42E90087BC7B /* Products */ = {
			isa = PBXGroup;
			children = (
				3C78A0D61B6A42E90087BC7B /* Exerciser.app */,
				3C78A0EB1B6A42E90087BC7B /* ExerciserTests.xctest */,
			);
			name = Products;
			sourceTree = "<group>";
		};
		3C78A0D81B6A42E90087BC7B /* Exerciser */ = {
			isa = PBXGroup;
			children = (
				3C78A0DB1B6A42E90087BC7B /* AppDelegate.swift */,
				3C78A0DD1B6A42E90087BC7B /* ViewController.swift */,
				3C78A0DF1B6A42E90087BC7B /* Main.storyboard */,
				3C78A0E21B6A42E90087BC7B /* Images.xcassets */,
				3C78A0E41B6A42E90087BC7B /* LaunchScreen.xib */,
				3C78A0D91B6A42E90087BC7B /* Supporting Files */,
			);
			path = Exerciser;
			sourceTree = "<group>";
		};
		3C78A0D91B6A42E90087BC7B /* Supporting Files */ = {
			isa = PBXGroup;
			children = (
				3C78A0DA1B6A42E90087BC7B /* Info.plist */,
			);
			name = "Supporting Files";
			sourceTree = "<group>";
		};
		3C78A0EE1B6A42E90087BC7B /* ExerciserTests */ = {
			isa = PBXGroup;
			children = (
				3C78A0F11B6A42E90087BC7B /* ExerciserTests.swift */,
				3C78A0EF1B6A42E90087BC7B /* Supporting Files */,
			);
			path = ExerciserTests;
			sourceTree = "<group>";
		};
		3C78A0EF1B6A42E90087BC7B /* Supporting Files */ = {
			isa = PBXGroup;
			children = (
				3C78A0F01B6A42E90087BC7B /* Info.plist */,
			);
			name = "Supporting Files";
			sourceTree = "<group>";
		};
/* End PBXGroup section */

/* Begin PBXNativeTarget section */
		3C78A0D51B6A42E90087BC7B /* Exerciser */ = {
			isa = PBXNativeTarget;
			buildConfigurationList = 3C78A0F51B6A42E90087BC7B /* Build configuration list for PBXNativeTarget "Exerciser" */;
			buildPhases = (
				3C78A0D21B6A42E90087BC7B /* Sources */,
				3C78A0D31B6A42E90087BC7B /* Frameworks */,
				3C78A0D41B6A42E90087BC7B /* Resources */,
			);
			buildRules = (
			);
			dependencies = (
			);
			name = Exerciser;
			productName = Exerciser;
			productReference = 3C78A0D61B6A42E90087BC7B /* Exerciser.app */;
			productType = "com.apple.product-type.application";
		};
		3C78A0EA1B6A42E90087BC7B /* ExerciserTests */ = {
			isa = PBXNativeTarget;
			buildConfigurationList = 3C78A0F81B6A42E90087BC7B /* Build configuration list for PBXNativeTarget "ExerciserTests" */;
			buildPhases = (
				3C78A0E71B6A42E90087BC7B /* Sources */,
				3C78A0E81B6A42E90087BC7B /* Frameworks */,
				3C78A0E91B6A42E90087BC7B /* Resources */,
			);
			buildRules = (
			);
			dependencies = (
				3C78A0ED1B6A42E90087BC7B /* PBXTargetDependency */,
			);
			name = ExerciserTests;
			productName = ExerciserTests;
			productReference = 3C78A0EB1B6A42E90087BC7B /* ExerciserTests.xctest */;
			productType = "com.apple.product-type.bundle.unit-test";
		};
/* End PBXNativeTarget section */

/* Begin PBXProject section */
		3C78A0CE1B6A42E90087BC7B /* Project object */ = {
			isa = PBXProject;
			attributes = {
				LastUpgradeCheck = 0640;
				ORGANIZATIONNAME = "Malcolm Macleod";
				TargetAttributes = {
					3C78A0D51B6A42E90087BC7B = {
						CreatedOnToolsVersion = 6.4;
					};
					3C78A0EA1B6A42E90087BC7B = {
						CreatedOnToolsVersion = 6.4;
						TestTargetID = 3C78A0D51B6A42E90087BC7B;
					};
				};
			};
			buildConfigurationList = 3C78A0D11B6A42E90087BC7B /* Build configuration list for PBXProject "Exerciser" */;
			compatibilityVersion = "Xcode 3.2";
			developmentRegion = English;
			hasScannedForEncodings = 0;
			knownRegions = (
				en,
				Base,
			);
			mainGroup = 3C78A0CD1B6A42E90087BC7B;
			productRefGroup = 3C78A0D71B6A42E90087BC7B /* Products */;
			projectDirPath = "";
			projectRoot = "";
			targets = (
				3C78A0D51B6A42E90087BC7B /* Exerciser */,
				3C78A0EA1B6A42E90087BC7B /* ExerciserTests */,
			);
		};
/* End PBXProject section */

/* Begin PBXResourcesBuildPhase section */
		3C78A0D41B6A42E90087BC7B /* Resources */ = {
			isa = PBXResourcesBuildPhase;
			buildActionMask = 2147483647;
			files = (
				3C78A0E11B6A42E90087BC7B /* Main.storyboard in Resources */,
				3C78A0E61B6A42E90087BC7B /* LaunchScreen.xib in Resources */,
				3C78A0E31B6A42E90087BC7B /* Images.xcassets in Resources */,
			);
			runOnlyForDeploymentPostprocessing = 0;
		};
		3C78A0E91B6A42E90087BC7B /* Resources */ = {
			isa = PBXResourcesBuildPhase;
			buildActionMask = 2147483647;
			files = (
			);
			runOnlyForDeploymentPostprocessing = 0;
		};
/* End PBXResourcesBuildPhase section */

/* Begin PBXSourcesBuildPhase section */
		3C78A0D21B6A42E90087BC7B /* Sources */ = {
			isa = PBXSourcesBuildPhase;
			buildActionMask = 2147483647;
			files = (
				3C78A0DE1B6A42E90087BC7B /* ViewController.swift in Sources */,
				3C78A0DC1B6A42E90087BC7B /* AppDelegate.swift in Sources */,
			);
			runOnlyForDeploymentPostprocessing = 0;
		};
		3C78A0E71B6A42E90087BC7B /* Sources */ = {
			isa = PBXSourcesBuildPhase;
			buildActionMask = 2147483647;
			files = (
				3C78A0F21B6A42E90087BC7B /* ExerciserTests.swift in Sources */,
			);
			runOnlyForDeploymentPostprocessing = 0;
		};
/* End PBXSourcesBuildPhase section */

/* Begin PBXTargetDependency section */
		3C78A0ED1B6A42E90087BC7B /* PBXTargetDependency */ = {
			isa = PBXTargetDependency;
			target = 3C78A0D51B6A42E90087BC7B /* Exerciser */;
			targetProxy = 3C78A0EC1B6A42E90087BC7B /* PBXContainerItemProxy */;
		};
/* End PBXTargetDependency section */

/* Begin PBXVariantGroup section */
		3C78A0DF1B6A42E90087BC7B /* Main.storyboard */ = {
			isa = PBXVariantGroup;
			children = (
				3C78A0E01B6A42E90087BC7B /* Base */,
			);
			name = Main.storyboard;
			sourceTree = "<group>";
		};
		3C78A0E41B6A42E90087BC7B /* LaunchScreen.xib */ = {
			isa = PBXVariantGroup;
			children = (
				3C78A0E51B6A42E90087BC7B /* Base */,
			);
			name = LaunchScreen.xib;
			sourceTree = "<group>";
		};
/* End PBXVariantGroup section */

/* Begin XCBuildConfiguration section */
		3C78A0F31B6A42E90087BC7B /* Debug */ = {
			isa = XCBuildConfiguration;
			buildSettings = {
				ALWAYS_SEARCH_USER_PATHS = NO;
				CLANG_CXX_LANGUAGE_STANDARD = "gnu++0x";
				CLANG_CXX_LIBRARY = "libc++";
				CLANG_ENABLE_MODULES = YES;
				CLANG_ENABLE_OBJC_ARC = YES;
				CLANG_WARN_BOOL_CONVERSION = YES;
				CLANG_WARN_CONSTANT_CONVERSION = YES;
				CLANG_WARN_DIRECT_OBJC_ISA_USAGE = YES_ERROR;
				CLANG_WARN_EMPTY_BODY = YES;
				CLANG_WARN_ENUM_CONVERSION = YES;
				CLANG_WARN_INT_CONVERSION = YES;
				CLANG_WARN_OBJC_ROOT_CLASS = YES_ERROR;
				CLANG_WARN_UNREACHABLE_CODE = YES;
				CLANG_WARN__DUPLICATE_METHOD_MATCH = YES;
				"CODE_SIGN_IDENTITY[sdk=iphoneos*]" = "iPhone Developer";
				COPY_PHASE_STRIP = NO;
				DEBUG_INFORMATION_FORMAT = "dwarf-with-dsym";
				ENABLE_STRICT_OBJC_MSGSEND = YES;
				GCC_C_LANGUAGE_STANDARD = gnu99;
				GCC_DYNAMIC_NO_PIC = NO;
				GCC_NO_COMMON_BLOCKS = YES;
				GCC_OPTIMIZATION_LEVEL = 0;
				GCC_PREPROCESSOR_DEFINITIONS = (
					"DEBUG=1",
					"$(inherited)",
				);
				GCC_SYMBOLS_PRIVATE_EXTERN = NO;
				GCC_WARN_64_TO_32_BIT_CONVERSION = YES;
				GCC_WARN_ABOUT_RETURN_TYPE = YES_ERROR;
				GCC_WARN_UNDECLARED_SELECTOR = YES;
				GCC_WARN_UNINITIALIZED_AUTOS = YES_AGGRESSIVE;
				GCC_WARN_UNUSED_FUNCTION = YES;
				GCC_WARN_UNUSED_VARIABLE = YES;
				IPHONEOS_DEPLOYMENT_TARGET = 8.4;
				MTL_ENABLE_DEBUG_INFO = YES;
				ONLY_ACTIVE_ARCH = YES;
				SDKROOT = iphoneos;
				SWIFT_OPTIMIZATION_LEVEL = "-Onone";
				TARGETED_DEVICE_FAMILY = "1,2";
			};
			name = Debug;
		};
		3C78A0F41B6A42E90087BC7B /* Release */ = {
			isa = XCBuildConfiguration;
			buildSettings = {
				ALWAYS_SEARCH_USER_PATHS = NO;
				CLANG_CXX_LANGUAGE_STANDARD = "gnu++0x";
				CLANG_CXX_LIBRARY = "libc++";
				CLANG_ENABLE_MODULES = YES;
				CLANG_ENABLE_OBJC_ARC = YES;
				CLANG_WARN_BOOL_CONVERSION = YES;
				CLANG_WARN_CONSTANT_CONVERSION = YES;
				CLANG_WARN_DIRECT_OBJC_ISA_USAGE = YES_ERROR;
				CLANG_WARN_EMPTY_BODY = YES;
				CLANG_WARN_ENUM_CONVERSION = YES;
				CLANG_WARN_INT_CONVERSION = YES;
				CLANG_WARN_OBJC_ROOT_CLASS = YES_ERROR;
				CLANG_WARN_UNREACHABLE_CODE = YES;
				CLANG_WARN__DUPLICATE_METHOD_MATCH = YES;
				"CODE_SIGN_IDENTITY[sdk=iphoneos*]" = "iPhone Developer";
				COPY_PHASE_STRIP = NO;
				DEBUG_INFORMATION_FORMAT = "dwarf-with-dsym";
				ENABLE_NS_ASSERTIONS = NO;
				ENABLE_STRICT_OBJC_MSGSEND = YES;
				GCC_C_LANGUAGE_STANDARD = gnu99;
				GCC_NO_COMMON_BLOCKS = YES;
				GCC_WARN_64_TO_32_BIT_CONVERSION = YES;
				GCC_WARN_ABOUT_RETURN_TYPE = YES_ERROR;
				GCC_WARN_UNDECLARED_SELECTOR = YES;
				GCC_WARN_UNINITIALIZED_AUTOS = YES_AGGRESSIVE;
				GCC_WARN_UNUSED_FUNCTION = YES;
				GCC_WARN_UNUSED_VARIABLE = YES;
				IPHONEOS_DEPLOYMENT_TARGET = 8.4;
				MTL_ENABLE_DEBUG_INFO = NO;
				SDKROOT = iphoneos;
				TARGETED_DEVICE_FAMILY = "1,2";
				VALIDATE_PRODUCT = YES;
			};
			name = Release;
		};
		3C78A0F61B6A42E90087BC7B /* Debug */ = {
			isa = XCBuildConfiguration;
			buildSettings = {
				ASSETCATALOG_COMPILER_APPICON_NAME = AppIcon;
				INFOPLIST_FILE = Exerciser/Info.plist;
				LD_RUNPATH_SEARCH_PATHS = "$(inherited) @executable_path/Frameworks";
				PRODUCT_NAME = "$(TARGET_NAME)";
			};
			name = Debug;
		};
		3C78A0F71B6A42E90087BC7B /* Release */ = {
			isa = XCBuildConfiguration;
			buildSettings = {
				ASSETCATALOG_COMPILER_APPICON_NAME = AppIcon;
				INFOPLIST_FILE = Exerciser/Info.plist;
				LD_RUNPATH_SEARCH_PATHS = "$(inherited) @executable_path/Frameworks";
				PRODUCT_NAME = "$(TARGET_NAME)";
			};
			name = Release;
		};
		3C78A0F91B6A42E90087BC7B /* Debug */ = {
			isa = XCBuildConfiguration;
			buildSettings = {
				BUNDLE_LOADER = "$(TEST_HOST)";
				FRAMEWORK_SEARCH_PATHS = (
					"$(SDKROOT)/Developer/Library/Frameworks",
					"$(inherited)",
				);
				GCC_PREPROCESSOR_DEFINITIONS = (
					"DEBUG=1",
					"$(inherited)",
				);
				INFOPLIST_FILE = ExerciserTests/Info.plist;
				LD_RUNPATH_SEARCH_PATHS = "$(inherited) @executable_path/Frameworks @loader_path/Frameworks";
				PRODUCT_NAME = "$(TARGET_NAME)";
				TEST_HOST = "$(BUILT_PRODUCTS_DIR)/Exerciser.app/Exerciser";
			};
			name = Debug;
		};
		3C78A0FA1B6A42E90087BC7B /* Release */ = {
			isa = XCBuildConfiguration;
			buildSettings = {
				BUNDLE_LOADER = "$(TEST_HOST)";
				FRAMEWORK_SEARCH_PATHS = (
					"$(SDKROOT)/Developer/Library/Frameworks",
					"$(inherited)",
				);
				INFOPLIST_FILE = ExerciserTests/Info.plist;
				LD_RUNPATH_SEARCH_PATHS = "$(inherited) @executable_path/Frameworks @loader_path/Frameworks";
				PRODUCT_NAME = "$(TARGET_NAME)";
				TEST_HOST = "$(BUILT_PRODUCTS_DIR)/Exerciser.app/Exerciser";
			};
			name = Release;
		};
/* End XCBuildConfiguration section */

/* Begin XCConfigurationList section */
		3C78A0D11B6A42E90087BC7B /* Build configuration list for PBXProject "Exerciser" */ = {
			isa = XCConfigurationList;
			buildConfigurations = (
				3C78A0F31B6A42E90087BC7B /* Debug */,
				3C78A0F41B6A42E90087BC7B /* Release */,
			);
			defaultConfigurationIsVisible = 0;
			defaultConfigurationName = Release;
		};
		3C78A0F51B6A42E90087BC7B /* Build configuration list for PBXNativeTarget "Exerciser" */ = {
			isa = XCConfigurationList;
			buildConfigurations = (
				3C78A0F61B6A42E90087BC7B /* Debug */,
				3C78A0F71B6A42E90087BC7B /* Release */,
			);
			defaultConfigurationIsVisible = 0;
		};
		3C78A0F81B6A42E90087BC7B /* Build configuration list for PBXNativeTarget "ExerciserTests" */ = {
			isa = XCConfigurationList;
			buildConfigurations = (
				3C78A0F91B6A42E90087BC7B /* Debug */,
				3C78A0FA1B6A42E90087BC7B /* Release */,
			);
			defaultConfigurationIsVisible = 0;
		};
/* End XCConfigurationList section */
	};
	rootObject = 3C78A0CE1B6A42E90087BC7B /* Project object */;
}
